{
  "name": "strata-examples",
  "version": "1.0.0",
  "lockfileVersion": 3,
  "requires": true,
  "packages": {
    "": {
      "name": "strata-examples",
      "version": "1.0.0",
      "dependencies": {
        "strata-data-sync": "file:.."
      }
    },
    "..": {
      "version": "1.0.0",
      "license": "ISC",
      "dependencies": {
        "rxjs": "^7.8.2"
      },
      "devDependencies": {
        "@eslint/js": "^10.0.1",
        "@testing-library/dom": "^10.4.1",
        "@testing-library/jest-dom": "^6.9.1",
        "@testing-library/react": "^16.3.2",
        "@types/react": "^19.2.14",
        "@types/react-dom": "^19.2.3",
        "eslint": "^10.1.0",
        "jsdom": "^29.0.1",
        "react": "^19.2.4",
        "react-dom": "^19.2.4",
        "typescript": "^5.9.3",
        "typescript-eslint": "^8.57.1",
        "vitest": "^4.1.0"
      },
      "peerDependencies": {
        "react": "^18.0.0 || ^19.0.0",
        "react-dom": "^18.0.0 || ^19.0.0"
      }
    },
    "node_modules/strata-data-sync": {
      "resolved": "..",
      "link": true
    }
  }
}
